
Microsoft Visual Studio Solution File, Format Version 12.00
# Visual Studio Version 17
VisualStudioVersion = 17.13.35931.197 d17.13
MinimumVisualStudioVersion = 10.0.40219.1
Project("{FAE04EC0-301F-11D3-BF4B-00C04F79EFBC}") = "BLL", "BLL\BLL.csproj", "{8E16BE7B-D833-4528-A06B-8985B4EEDC44}"
EndProject
Project("{FAE04EC0-301F-11D3-BF4B-00C04F79EFBC}") = "DAL", "DAL\DAL.csproj", "{DCC096F7-3CBE-481C-961A-2C198160C23F}"
EndProject
Project("{FAE04EC0-301F-11D3-BF4B-00C04F79EFBC}") = "WPF_SBS", "WPF_SBS\WPF_SBS.csproj", "{B55C139D-5F1F-480B-828B-F995625C722F}"
EndProject
Global
	GlobalSection(SolutionConfigurationPlatforms) = preSolution
		Debug|Any CPU = Debug|Any CPU
		Release|Any CPU = Release|Any CPU
	EndGlobalSection
	GlobalSection(ProjectConfigurationPlatforms) = postSolution
		{8E16BE7B-D833-4528-A06B-8985B4EEDC44}.Debug|Any CPU.ActiveCfg = Debug|Any CPU
		{8E16BE7B-D833-4528-A06B-8985B4EEDC44}.Debug|Any CPU.Build.0 = Debug|Any CPU
		{8E16BE7B-D833-4528-A06B-8985B4EEDC44}.Release|Any CPU.ActiveCfg = Release|Any CPU
		{8E16BE7B-D833-4528-A06B-8985B4EEDC44}.Release|Any CPU.Build.0 = Release|Any CPU
		{DCC096F7-3CBE-481C-961A-2C198160C23F}.Debug|Any CPU.ActiveCfg = Debug|Any CPU
		{DCC096F7-3CBE-481C-961A-2C198160C23F}.Debug|Any CPU.Build.0 = Debug|Any CPU
		{DCC096F7-3CBE-481C-961A-2C198160C23F}.Release|Any CPU.ActiveCfg = Release|Any CPU
		{DCC096F7-3CBE-481C-961A-2C198160C23F}.Release|Any CPU.Build.0 = Release|Any CPU
		{B55C139D-5F1F-480B-828B-F995625C722F}.Debug|Any CPU.ActiveCfg = Debug|Any CPU
		{B55C139D-5F1F-480B-828B-F995625C722F}.Debug|Any CPU.Build.0 = Debug|Any CPU
		{B55C139D-5F1F-480B-828B-F995625C722F}.Release|Any CPU.ActiveCfg = Release|Any CPU
		{B55C139D-5F1F-480B-828B-F995625C722F}.Release|Any CPU.Build.0 = Release|Any CPU
	EndGlobalSection
	GlobalSection(SolutionProperties) = preSolution
		HideSolutionNode = FALSE
	EndGlobalSection
	GlobalSection(ExtensibilityGlobals) = postSolution
		SolutionGuid = {F9AED61B-E56D-42BF-B0E4-7419F6F0700A}
	EndGlobalSection
EndGlobal
